{
  "name": "gatsby-remark-wiki-link",
  "version": "1.0.0",
  "lockfileVersion": 1,
  "requires": true,
  "dependencies": {
    "@babel/runtime": {
      "version": "7.10.2",
      "resolved": "https://registry.npmjs.org/@babel/runtime/-/runtime-7.10.2.tgz",
      "integrity": "sha512-6sF3uQw2ivImfVIl62RZ7MXhO2tap69WeWK57vAaimT6AZbE4FbqjdEJIN1UqoD6wI6B+1n9UiagafH1sxjOtg==",
      "requires": {
        "regenerator-runtime": "^0.13.4"
      }
    },
    "object-assign": {
      "version": "4.1.1",
      "resolved": "https://registry.npmjs.org/object-assign/-/object-assign-4.1.1.tgz",
      "integrity": "sha1-IQmtx5ZYh8/AXLvUQsrIv7s2CGM="
    },
    "regenerator-runtime": {
      "version": "0.13.5",
      "resolved": "https://registry.npmjs.org/regenerator-runtime/-/regenerator-runtime-0.13.5.tgz",
      "integrity": "sha512-ZS5w8CpKFinUzOwW3c83oPeVXoNsrLsaCoLtJvAClH135j/R77RuymhiSErhm2lKcwSCIpmvIWSbDkIfAqKQlA=="
    },
    "remark-wiki-link": {
      "version": "0.0.4",
      "resolved": "https://registry.npmjs.org/remark-wiki-link/-/remark-wiki-link-0.0.4.tgz",
      "integrity": "sha512-Mmd5TspUWTnt+gafIdUtczHsjZY21XYEI9BeR6HMLKv/pUiNa5tDSWSjiPMvx07DlD4OmSM+tIhhk7SQXV3LrA==",
      "requires": {
        "@babel/runtime": "^7.4.4",
        "unist-util-map": "^1.0.3"
      }
    },
    "unist-util-map": {
      "version": "1.0.5",
      "resolved": "https://registry.npmjs.org/unist-util-map/-/unist-util-map-1.0.5.tgz",
      "integrity": "sha512-dFil/AN6vqhnQWNCZk0GF/G3+Q5YwsB+PqjnzvpO2wzdRtUJ1E8PN+XRE/PRr/G3FzKjRTJU0haqE0Ekl+O3Ag==",
      "requires": {
        "object-assign": "^4.0.1"
      }
    }
  }
}
